
Microsoft Visual Studio Solution File, Format Version 12.00
# Visual Studio Version 17
VisualStudioVersion = 17.8.34330.188
MinimumVisualStudioVersion = 10.0.40219.1
Project("{FAE04EC0-301F-11D3-BF4B-00C04F79EFBC}") = "MemoryGame", "MemoryGame\MemoryGame.csproj", "{9F87910E-F98D-4562-ABFB-027E5419937C}"
EndProject
Global
	GlobalSection(SolutionConfigurationPlatforms) = preSolution
		Debug|Any CPU = Debug|Any CPU
		Release|Any CPU = Release|Any CPU
	EndGlobalSection
	GlobalSection(ProjectConfigurationPlatforms) = postSolution
		{9F87910E-F98D-4562-ABFB-027E5419937C}.Debug|Any CPU.ActiveCfg = Debug|Any CPU
		{9F87910E-F98D-4562-ABFB-027E5419937C}.Debug|Any CPU.Build.0 = Debug|Any CPU
		{9F87910E-F98D-4562-ABFB-027E5419937C}.Release|Any CPU.ActiveCfg = Release|Any CPU
		{9F87910E-F98D-4562-ABFB-027E5419937C}.Release|Any CPU.Build.0 = Release|Any CPU
	EndGlobalSection
	GlobalSection(SolutionProperties) = preSolution
		HideSolutionNode = FALSE
	EndGlobalSection
	GlobalSection(ExtensibilityGlobals) = postSolution
		SolutionGuid = {E3EDE83E-6C98-4490-B966-C6B865CDA473}
	EndGlobalSection
EndGlobal
